# THIS IS AN AUTOGENERATED FILE. DO NOT EDIT THIS FILE DIRECTLY.
# yarn lockfile v1


"@jitsi/react-sdk@^1.0.2":
  version "1.0.2"
  resolved "https://registry.yarnpkg.com/@jitsi/react-sdk/-/react-sdk-1.0.2.tgz#9fb077d1dac26d22db45fab85940e467fd7d3df9"
  integrity sha512-GCmRGOY7bIPrWcQxCkwZciuoKu2wi2aO95ESM2tchmPnaJkXZqynYAeKW4ogNtpH4bEyRj8YupXgOoqWEyKBBw==
